// !$*UTF8*$!
{
	archiveVersion = 1;
	classes = {
	};
	objectVersion = 55;
	objects = {

/* Begin PBXBuildFile section */
		6918799A27D212EB001136B0 /* AppDelegate.swift in Sources */ = {isa = PBXBuildFile; fileRef = 6918799927D212EB001136B0 /* AppDelegate.swift */; };
		691879A327D212ED001136B0 /* Assets.xcassets in Resources */ = {isa = PBXBuildFile; fileRef = 691879A227D212ED001136B0 /* Assets.xcassets */; };
		691879A627D212ED001136B0 /* LaunchScreen.storyboard in Resources */ = {isa = PBXBuildFile; fileRef = 691879A427D212ED001136B0 /* LaunchScreen.storyboard */; };
		691879CC27D25501001136B0 /* ContentLoader.swift in Sources */ = {isa = PBXBuildFile; fileRef = 691879CB27D25501001136B0 /* ContentLoader.swift */; };
		691879CE27D2551F001136B0 /* ContentItem.swift in Sources */ = {isa = PBXBuildFile; fileRef = 691879CD27D2551F001136B0 /* ContentItem.swift */; };
		691879D027D25639001136B0 /* APIClient.swift in Sources */ = {isa = PBXBuildFile; fileRef = 691879CF27D25639001136B0 /* APIClient.swift */; };
		692A27F127D4A553006476E2 /* ContentFeedMapper.swift in Sources */ = {isa = PBXBuildFile; fileRef = 692A27F027D4A553006476E2 /* ContentFeedMapper.swift */; };
		692A27F627D4A669006476E2 /* CONTENTLISTINGPAGE-PAGE1.json in Resources */ = {isa = PBXBuildFile; fileRef = 692A27F327D4A669006476E2 /* CONTENTLISTINGPAGE-PAGE1.json */; };
		692A27F727D4A669006476E2 /* CONTENTLISTINGPAGE-PAGE3.json in Resources */ = {isa = PBXBuildFile; fileRef = 692A27F427D4A669006476E2 /* CONTENTLISTINGPAGE-PAGE3.json */; };
		692A27F827D4A669006476E2 /* CONTENTLISTINGPAGE-PAGE2.json in Resources */ = {isa = PBXBuildFile; fileRef = 692A27F527D4A669006476E2 /* CONTENTLISTINGPAGE-PAGE2.json */; };
		692A27FA27D4AC2C006476E2 /* ListViewModel.swift in Sources */ = {isa = PBXBuildFile; fileRef = 692A27F927D4AC2C006476E2 /* ListViewModel.swift */; };
		692A27FD27D4AF73006476E2 /* ListViewController.swift in Sources */ = {isa = PBXBuildFile; fileRef = 692A27FB27D4AF73006476E2 /* ListViewController.swift */; };
		692A280027D4B50E006476E2 /* Main.storyboard in Resources */ = {isa = PBXBuildFile; fileRef = 692A27FF27D4B50E006476E2 /* Main.storyboard */; };
		692A280327D4B617006476E2 /* PosterCollectionViewCell.swift in Sources */ = {isa = PBXBuildFile; fileRef = 692A280127D4B617006476E2 /* PosterCollectionViewCell.swift */; };
		692A280427D4B617006476E2 /* PosterCollectionViewCell.xib in Resources */ = {isa = PBXBuildFile; fileRef = 692A280227D4B617006476E2 /* PosterCollectionViewCell.xib */; };
		692A281327D4B684006476E2 /* poster9.jpg in Resources */ = {isa = PBXBuildFile; fileRef = 692A280627D4B684006476E2 /* poster9.jpg */; };
		692A281427D4B684006476E2 /* poster8.jpg in Resources */ = {isa = PBXBuildFile; fileRef = 692A280727D4B684006476E2 /* poster8.jpg */; };
		692A281527D4B684006476E2 /* nav_bar.png in Resources */ = {isa = PBXBuildFile; fileRef = 692A280827D4B684006476E2 /* nav_bar.png */; };
		692A281627D4B684006476E2 /* search.png in Resources */ = {isa = PBXBuildFile; fileRef = 692A280927D4B684006476E2 /* search.png */; };
		692A281727D4B684006476E2 /* poster6.jpg in Resources */ = {isa = PBXBuildFile; fileRef = 692A280A27D4B684006476E2 /* poster6.jpg */; };
		692A281827D4B684006476E2 /* poster7.jpg in Resources */ = {isa = PBXBuildFile; fileRef = 692A280B27D4B684006476E2 /* poster7.jpg */; };
		692A281927D4B684006476E2 /* poster5.jpg in Resources */ = {isa = PBXBuildFile; fileRef = 692A280C27D4B684006476E2 /* poster5.jpg */; };
		692A281A27D4B684006476E2 /* poster4.jpg in Resources */ = {isa = PBXBuildFile; fileRef = 692A280D27D4B684006476E2 /* poster4.jpg */; };
		692A281B27D4B684006476E2 /* placeholder_for_missing_posters.png in Resources */ = {isa = PBXBuildFile; fileRef = 692A280E27D4B684006476E2 /* placeholder_for_missing_posters.png */; };
		692A281C27D4B684006476E2 /* poster1.jpg in Resources */ = {isa = PBXBuildFile; fileRef = 692A280F27D4B684006476E2 /* poster1.jpg */; };
		692A281D27D4B684006476E2 /* Back.png in Resources */ = {isa = PBXBuildFile; fileRef = 692A281027D4B684006476E2 /* Back.png */; };
		692A281E27D4B684006476E2 /* poster3.jpg in Resources */ = {isa = PBXBuildFile; fileRef = 692A281127D4B684006476E2 /* poster3.jpg */; };
		692A281F27D4B684006476E2 /* poster2.jpg in Resources */ = {isa = PBXBuildFile; fileRef = 692A281227D4B684006476E2 /* poster2.jpg */; };
		692A282127D4B851006476E2 /* ImageCache.swift in Sources */ = {isa = PBXBuildFile; fileRef = 692A282027D4B851006476E2 /* ImageCache.swift */; };
		692A282327D4B856006476E2 /* ImageURLProtocol.swift in Sources */ = {isa = PBXBuildFile; fileRef = 692A282227D4B856006476E2 /* ImageURLProtocol.swift */; };
		692A282527D4BA4C006476E2 /* UIView+Extension.swift in Sources */ = {isa = PBXBuildFile; fileRef = 692A282427D4BA4C006476E2 /* UIView+Extension.swift */; };
		692A282B27D51C6D006476E2 /* URLStore.swift in Sources */ = {isa = PBXBuildFile; fileRef = 692A282A27D51C6D006476E2 /* URLStore.swift */; };
/* End PBXBuildFile section */

/* Begin PBXContainerItemProxy section */
		691879AD27D212ED001136B0 /* PBXContainerItemProxy */ = {
			isa = PBXContainerItemProxy;
			containerPortal = 6918798E27D212EB001136B0 /* Project object */;
			proxyType = 1;
			remoteGlobalIDString = 6918799527D212EB001136B0;
			remoteInfo = Diagnal;
		};
		691879B727D212ED001136B0 /* PBXContainerItemProxy */ = {
			isa = PBXContainerItemProxy;
			containerPortal = 6918798E27D212EB001136B0 /* Project object */;
			proxyType = 1;
			remoteGlobalIDString = 6918799527D212EB001136B0;
			remoteInfo = Diagnal;
		};
/* End PBXContainerItemProxy section */

/* Begin PBXFileReference section */
		6918799627D212EB001136B0 /* Diagnal.app */ = {isa = PBXFileReference; explicitFileType = wrapper.application; includeInIndex = 0; path = Diagnal.app; sourceTree = BUILT_PRODUCTS_DIR; };
		6918799927D212EB001136B0 /* AppDelegate.swift */ = {isa = PBXFileReference; lastKnownFileType = sourcecode.swift; path = AppDelegate.swift; sourceTree = "<group>"; };
		691879A227D212ED001136B0 /* Assets.xcassets */ = {isa = PBXFileReference; lastKnownFileType = folder.assetcatalog; path = Assets.xcassets; sourceTree = "<group>"; };
		691879A527D212ED001136B0 /* Base */ = {isa = PBXFileReference; lastKnownFileType = file.storyboard; name = Base; path = Base.lproj/LaunchScreen.storyboard; sourceTree = "<group>"; };
		691879A727D212ED001136B0 /* Info.plist */ = {isa = PBXFileReference; lastKnownFileType = text.plist.xml; path = Info.plist; sourceTree = "<group>"; };
		691879AC27D212ED001136B0 /* DiagnalTests.xctest */ = {isa = PBXFileReference; explicitFileType = wrapper.cfbundle; includeInIndex = 0; path = DiagnalTests.xctest; sourceTree = BUILT_PRODUCTS_DIR; };
		691879B627D212ED001136B0 /* DiagnalUITests.xctest */ = {isa = PBXFileReference; explicitFileType = wrapper.cfbundle; includeInIndex = 0; path = DiagnalUITests.xctest; sourceTree = BUILT_PRODUCTS_DIR; };
		691879CB27D25501001136B0 /* ContentLoader.swift */ = {isa = PBXFileReference; lastKnownFileType = sourcecode.swift; path = ContentLoader.swift; sourceTree = "<group>"; };
		691879CD27D2551F001136B0 /* ContentItem.swift */ = {isa = PBXFileReference; lastKnownFileType = sourcecode.swift; path = ContentItem.swift; sourceTree = "<group>"; };
		691879CF27D25639001136B0 /* APIClient.swift */ = {isa = PBXFileReference; lastKnownFileType = sourcecode.swift; path = APIClient.swift; sourceTree = "<group>"; };
		692A27F027D4A553006476E2 /* ContentFeedMapper.swift */ = {isa = PBXFileReference; lastKnownFileType = sourcecode.swift; path = ContentFeedMapper.swift; sourceTree = "<group>"; };
		692A27F327D4A669006476E2 /* CONTENTLISTINGPAGE-PAGE1.json */ = {isa = PBXFileReference; fileEncoding = 4; lastKnownFileType = text.json; path = "CONTENTLISTINGPAGE-PAGE1.json"; sourceTree = "<group>"; };
		692A27F427D4A669006476E2 /* CONTENTLISTINGPAGE-PAGE3.json */ = {isa = PBXFileReference; fileEncoding = 4; lastKnownFileType = text.json; path = "CONTENTLISTINGPAGE-PAGE3.json"; sourceTree = "<group>"; };
		692A27F527D4A669006476E2 /* CONTENTLISTINGPAGE-PAGE2.json */ = {isa = PBXFileReference; fileEncoding = 4; lastKnownFileType = text.json; path = "CONTENTLISTINGPAGE-PAGE2.json"; sourceTree = "<group>"; };
		692A27F927D4AC2C006476E2 /* ListViewModel.swift */ = {isa = PBXFileReference; lastKnownFileType = sourcecode.swift; path = ListViewModel.swift; sourceTree = "<group>"; };
		692A27FB27D4AF73006476E2 /* ListViewController.swift */ = {isa = PBXFileReference; lastKnownFileType = sourcecode.swift; path = ListViewController.swift; sourceTree = "<group>"; };
		692A27FF27D4B50E006476E2 /* Main.storyboard */ = {isa = PBXFileReference; lastKnownFileType = file.storyboard; path = Main.storyboard; sourceTree = "<group>"; };
		692A280127D4B617006476E2 /* PosterCollectionViewCell.swift */ = {isa = PBXFileReference; lastKnownFileType = sourcecode.swift; path = PosterCollectionViewCell.swift; sourceTree = "<group>"; };
		692A280227D4B617006476E2 /* PosterCollectionViewCell.xib */ = {isa = PBXFileReference; lastKnownFileType = file.xib; path = PosterCollectionViewCell.xib; sourceTree = "<group>"; };
		692A280627D4B684006476E2 /* poster9.jpg */ = {isa = PBXFileReference; lastKnownFileType = image.jpeg; path = poster9.jpg; sourceTree = "<group>"; };
		692A280727D4B684006476E2 /* poster8.jpg */ = {isa = PBXFileReference; lastKnownFileType = image.jpeg; path = poster8.jpg; sourceTree = "<group>"; };
		692A280827D4B684006476E2 /* nav_bar.png */ = {isa = PBXFileReference; lastKnownFileType = image.png; path = nav_bar.png; sourceTree = "<group>"; };
		692A280927D4B684006476E2 /* search.png */ = {isa = PBXFileReference; lastKnownFileType = image.png; path = search.png; sourceTree = "<group>"; };
		692A280A27D4B684006476E2 /* poster6.jpg */ = {isa = PBXFileReference; lastKnownFileType = image.jpeg; path = poster6.jpg; sourceTree = "<group>"; };
		692A280B27D4B684006476E2 /* poster7.jpg */ = {isa = PBXFileReference; lastKnownFileType = image.jpeg; path = poster7.jpg; sourceTree = "<group>"; };
		692A280C27D4B684006476E2 /* poster5.jpg */ = {isa = PBXFileReference; lastKnownFileType = image.jpeg; path = poster5.jpg; sourceTree = "<group>"; };
		692A280D27D4B684006476E2 /* poster4.jpg */ = {isa = PBXFileReference; lastKnownFileType = image.jpeg; path = poster4.jpg; sourceTree = "<group>"; };
		692A280E27D4B684006476E2 /* placeholder_for_missing_posters.png */ = {isa = PBXFileReference; lastKnownFileType = image.png; path = placeholder_for_missing_posters.png; sourceTree = "<group>"; };
		692A280F27D4B684006476E2 /* poster1.jpg */ = {isa = PBXFileReference; lastKnownFileType = image.jpeg; path = poster1.jpg; sourceTree = "<group>"; };
		692A281027D4B684006476E2 /* Back.png */ = {isa = PBXFileReference; lastKnownFileType = image.png; path = Back.png; sourceTree = "<group>"; };
		692A281127D4B684006476E2 /* poster3.jpg */ = {isa = PBXFileReference; lastKnownFileType = image.jpeg; path = poster3.jpg; sourceTree = "<group>"; };
		692A281227D4B684006476E2 /* poster2.jpg */ = {isa = PBXFileReference; lastKnownFileType = image.jpeg; path = poster2.jpg; sourceTree = "<group>"; };
		692A282027D4B851006476E2 /* ImageCache.swift */ = {isa = PBXFileReference; fileEncoding = 4; lastKnownFileType = sourcecode.swift; path = ImageCache.swift; sourceTree = "<group>"; };
		692A282227D4B856006476E2 /* ImageURLProtocol.swift */ = {isa = PBXFileReference; fileEncoding = 4; lastKnownFileType = sourcecode.swift; path = ImageURLProtocol.swift; sourceTree = "<group>"; };
		692A282427D4BA4C006476E2 /* UIView+Extension.swift */ = {isa = PBXFileReference; fileEncoding = 4; lastKnownFileType = sourcecode.swift; path = "UIView+Extension.swift"; sourceTree = "<group>"; };
		692A282A27D51C6D006476E2 /* URLStore.swift */ = {isa = PBXFileReference; lastKnownFileType = sourcecode.swift; path = URLStore.swift; sourceTree = "<group>"; };
/* End PBXFileReference section */

/* Begin PBXFrameworksBuildPhase section */
		6918799327D212EB001136B0 /* Frameworks */ = {
			isa = PBXFrameworksBuildPhase;
			buildActionMask = 2147483647;
			files = (
			);
			runOnlyForDeploymentPostprocessing = 0;
		};
		691879A927D212ED001136B0 /* Frameworks */ = {
			isa = PBXFrameworksBuildPhase;
			buildActionMask = 2147483647;
			files = (
			);
			runOnlyForDeploymentPostprocessing = 0;
		};
		691879B327D212ED001136B0 /* Frameworks */ = {
			isa = PBXFrameworksBuildPhase;
			buildActionMask = 2147483647;
			files = (
			);
			runOnlyForDeploymentPostprocessing = 0;
		};
/* End PBXFrameworksBuildPhase section */

/* Begin PBXGroup section */
		6918798D27D212EB001136B0 = {
			isa = PBXGroup;
			children = (
				692A280527D4B684006476E2 /* Slices */,
				692A27F227D4A669006476E2 /* API */,
				6918799827D212EB001136B0 /* Diagnal */,
				6918799727D212EB001136B0 /* Products */,
			);
			sourceTree = "<group>";
		};
		6918799727D212EB001136B0 /* Products */ = {
			isa = PBXGroup;
			children = (
				6918799627D212EB001136B0 /* Diagnal.app */,
				691879AC27D212ED001136B0 /* DiagnalTests.xctest */,
				691879B627D212ED001136B0 /* DiagnalUITests.xctest */,
			);
			name = Products;
			sourceTree = "<group>";
		};
		6918799827D212EB001136B0 /* Diagnal */ = {
			isa = PBXGroup;
			children = (
				692A27FF27D4B50E006476E2 /* Main.storyboard */,
				6918799927D212EB001136B0 /* AppDelegate.swift */,
				692A282627D51AE3006476E2 /* Models */,
				692A282827D51B06006476E2 /* View */,
				692A282727D51AF5006476E2 /* ListViewController */,
				692A282927D51B1F006476E2 /* Extension */,
				691879A227D212ED001136B0 /* Assets.xcassets */,
				691879A427D212ED001136B0 /* LaunchScreen.storyboard */,
				691879A727D212ED001136B0 /* Info.plist */,
			);
			path = Diagnal;
			sourceTree = "<group>";
		};
		692A27F227D4A669006476E2 /* API */ = {
			isa = PBXGroup;
			children = (
				692A27F327D4A669006476E2 /* CONTENTLISTINGPAGE-PAGE1.json */,
				692A27F427D4A669006476E2 /* CONTENTLISTINGPAGE-PAGE3.json */,
				692A27F527D4A669006476E2 /* CONTENTLISTINGPAGE-PAGE2.json */,
			);
			path = API;
			sourceTree = "<group>";
		};
		692A280527D4B684006476E2 /* Slices */ = {
			isa = PBXGroup;
			children = (
				692A280627D4B684006476E2 /* poster9.jpg */,
				692A280727D4B684006476E2 /* poster8.jpg */,
				692A280827D4B684006476E2 /* nav_bar.png */,
				692A280927D4B684006476E2 /* search.png */,
				692A280A27D4B684006476E2 /* poster6.jpg */,
				692A280B27D4B684006476E2 /* poster7.jpg */,
				692A280C27D4B684006476E2 /* poster5.jpg */,
				692A280D27D4B684006476E2 /* poster4.jpg */,
				692A280E27D4B684006476E2 /* placeholder_for_missing_posters.png */,
				692A280F27D4B684006476E2 /* poster1.jpg */,
				692A281027D4B684006476E2 /* Back.png */,
				692A281127D4B684006476E2 /* poster3.jpg */,
				692A281227D4B684006476E2 /* poster2.jpg */,
			);
			path = Slices;
			sourceTree = "<group>";
		};
		692A282627D51AE3006476E2 /* Models */ = {
			isa = PBXGroup;
			children = (
				691879CB27D25501001136B0 /* ContentLoader.swift */,
				692A282A27D51C6D006476E2 /* URLStore.swift */,
				692A282027D4B851006476E2 /* ImageCache.swift */,
				692A282227D4B856006476E2 /* ImageURLProtocol.swift */,
				691879CD27D2551F001136B0 /* ContentItem.swift */,
				691879CF27D25639001136B0 /* APIClient.swift */,
				692A27F027D4A553006476E2 /* ContentFeedMapper.swift */,
			);
			path = Models;
			sourceTree = "<group>";
		};
		692A282727D51AF5006476E2 /* ListViewController */ = {
			isa = PBXGroup;
			children = (
				692A27FB27D4AF73006476E2 /* ListViewController.swift */,
				692A27F927D4AC2C006476E2 /* ListViewModel.swift */,
			);
			path = ListViewController;
			sourceTree = "<group>";
		};
		692A282827D51B06006476E2 /* View */ = {
			isa = PBXGroup;
			children = (
				692A280127D4B617006476E2 /* PosterCollectionViewCell.swift */,
				692A280227D4B617006476E2 /* PosterCollectionViewCell.xib */,
			);
			path = View;
			sourceTree = "<group>";
		};
		692A282927D51B1F006476E2 /* Extension */ = {
			isa = PBXGroup;
			children = (
				692A282427D4BA4C006476E2 /* UIView+Extension.swift */,
			);
			path = Extension;
			sourceTree = "<group>";
		};
/* End PBXGroup section */

/* Begin PBXNativeTarget section */
		6918799527D212EB001136B0 /* Diagnal */ = {
			isa = PBXNativeTarget;
			buildConfigurationList = 691879C027D212ED001136B0 /* Build configuration list for PBXNativeTarget "Diagnal" */;
			buildPhases = (
				6918799227D212EB001136B0 /* Sources */,
				6918799327D212EB001136B0 /* Frameworks */,
				6918799427D212EB001136B0 /* Resources */,
			);
			buildRules = (
			);
			dependencies = (
			);
			name = Diagnal;
			productName = Diagnal;
			productReference = 6918799627D212EB001136B0 /* Diagnal.app */;
			productType = "com.apple.product-type.application";
		};
		691879AB27D212ED001136B0 /* DiagnalTests */ = {
			isa = PBXNativeTarget;
			buildConfigurationList = 691879C327D212ED001136B0 /* Build configuration list for PBXNativeTarget "DiagnalTests" */;
			buildPhases = (
				691879A827D212ED001136B0 /* Sources */,
				691879A927D212ED001136B0 /* Frameworks */,
				691879AA27D212ED001136B0 /* Resources */,
			);
			buildRules = (
			);
			dependencies = (
				691879AE27D212ED001136B0 /* PBXTargetDependency */,
			);
			name = DiagnalTests;
			productName = DiagnalTests;
			productReference = 691879AC27D212ED001136B0 /* DiagnalTests.xctest */;
			productType = "com.apple.product-type.bundle.unit-test";
		};
		691879B527D212ED001136B0 /* DiagnalUITests */ = {
			isa = PBXNativeTarget;
			buildConfigurationList = 691879C627D212ED001136B0 /* Build configuration list for PBXNativeTarget "DiagnalUITests" */;
			buildPhases = (
				691879B227D212ED001136B0 /* Sources */,
				691879B327D212ED001136B0 /* Frameworks */,
				691879B427D212ED001136B0 /* Resources */,
			);
			buildRules = (
			);
			dependencies = (
				691879B827D212ED001136B0 /* PBXTargetDependency */,
			);
			name = DiagnalUITests;
			productName = DiagnalUITests;
			productReference = 691879B627D212ED001136B0 /* DiagnalUITests.xctest */;
			productType = "com.apple.product-type.bundle.ui-testing";
		};
/* End PBXNativeTarget section */

/* Begin PBXProject section */
		6918798E27D212EB001136B0 /* Project object */ = {
			isa = PBXProject;
			attributes = {
				BuildIndependentTargetsInParallel = 1;
				LastSwiftUpdateCheck = 1310;
				LastUpgradeCheck = 1310;
				TargetAttributes = {
					6918799527D212EB001136B0 = {
						CreatedOnToolsVersion = 13.1;
					};
					691879AB27D212ED001136B0 = {
						CreatedOnToolsVersion = 13.1;
						TestTargetID = 6918799527D212EB001136B0;
					};
					691879B527D212ED001136B0 = {
						CreatedOnToolsVersion = 13.1;
						TestTargetID = 6918799527D212EB001136B0;
					};
				};
			};
			buildConfigurationList = 6918799127D212EB001136B0 /* Build configuration list for PBXProject "Diagnal" */;
			compatibilityVersion = "Xcode 13.0";
			developmentRegion = en;
			hasScannedForEncodings = 0;
			knownRegions = (
				en,
				Base,
			);
			mainGroup = 6918798D27D212EB001136B0;
			productRefGroup = 6918799727D212EB001136B0 /* Products */;
			projectDirPath = "";
			projectRoot = "";
			targets = (
				6918799527D212EB001136B0 /* Diagnal */,
				691879AB27D212ED001136B0 /* DiagnalTests */,
				691879B527D212ED001136B0 /* DiagnalUITests */,
			);
		};
/* End PBXProject section */

/* Begin PBXResourcesBuildPhase section */
		6918799427D212EB001136B0 /* Resources */ = {
			isa = PBXResourcesBuildPhase;
			buildActionMask = 2147483647;
			files = (
				692A281D27D4B684006476E2 /* Back.png in Resources */,
				692A281327D4B684006476E2 /* poster9.jpg in Resources */,
				692A280027D4B50E006476E2 /* Main.storyboard in Resources */,
				692A27F727D4A669006476E2 /* CONTENTLISTINGPAGE-PAGE3.json in Resources */,
				692A27F627D4A669006476E2 /* CONTENTLISTINGPAGE-PAGE1.json in Resources */,
				692A281F27D4B684006476E2 /* poster2.jpg in Resources */,
				692A27F827D4A669006476E2 /* CONTENTLISTINGPAGE-PAGE2.json in Resources */,
				692A281727D4B684006476E2 /* poster6.jpg in Resources */,
				692A281827D4B684006476E2 /* poster7.jpg in Resources */,
				692A281427D4B684006476E2 /* poster8.jpg in Resources */,
				692A281A27D4B684006476E2 /* poster4.jpg in Resources */,
				691879A627D212ED001136B0 /* LaunchScreen.storyboard in Resources */,
				692A281627D4B684006476E2 /* search.png in Resources */,
				692A281C27D4B684006476E2 /* poster1.jpg in Resources */,
				692A281927D4B684006476E2 /* poster5.jpg in Resources */,
				692A281527D4B684006476E2 /* nav_bar.png in Resources */,
				691879A327D212ED001136B0 /* Assets.xcassets in Resources */,
				692A280427D4B617006476E2 /* PosterCollectionViewCell.xib in Resources */,
				692A281E27D4B684006476E2 /* poster3.jpg in Resources */,
				692A281B27D4B684006476E2 /* placeholder_for_missing_posters.png in Resources */,
			);
			runOnlyForDeploymentPostprocessing = 0;
		};
		691879AA27D212ED001136B0 /* Resources */ = {
			isa = PBXResourcesBuildPhase;
			buildActionMask = 2147483647;
			files = (
			);
			runOnlyForDeploymentPostprocessing = 0;
		};
		691879B427D212ED001136B0 /* Resources */ = {
			isa = PBXResourcesBuildPhase;
			buildActionMask = 2147483647;
			files = (
			);
			runOnlyForDeploymentPostprocessing = 0;
		};
/* End PBXResourcesBuildPhase section */

/* Begin PBXSourcesBuildPhase section */
		6918799227D212EB001136B0 /* Sources */ = {
			isa = PBXSourcesBuildPhase;
			buildActionMask = 2147483647;
			files = (
				692A282527D4BA4C006476E2 /* UIView+Extension.swift in Sources */,
				692A27F127D4A553006476E2 /* ContentFeedMapper.swift in Sources */,
				692A27FA27D4AC2C006476E2 /* ListViewModel.swift in Sources */,
				691879CC27D25501001136B0 /* ContentLoader.swift in Sources */,
				692A282327D4B856006476E2 /* ImageURLProtocol.swift in Sources */,
				692A282B27D51C6D006476E2 /* URLStore.swift in Sources */,
				692A282127D4B851006476E2 /* ImageCache.swift in Sources */,
				691879CE27D2551F001136B0 /* ContentItem.swift in Sources */,
				691879D027D25639001136B0 /* APIClient.swift in Sources */,
				692A280327D4B617006476E2 /* PosterCollectionViewCell.swift in Sources */,
				6918799A27D212EB001136B0 /* AppDelegate.swift in Sources */,
				692A27FD27D4AF73006476E2 /* ListViewController.swift in Sources */,
			);
			runOnlyForDeploymentPostprocessing = 0;
		};
		691879A827D212ED001136B0 /* Sources */ = {
			isa = PBXSourcesBuildPhase;
			buildActionMask = 2147483647;
			files = (
			);
			runOnlyForDeploymentPostprocessing = 0;
		};
		691879B227D212ED001136B0 /* Sources */ = {
			isa = PBXSourcesBuildPhase;
			buildActionMask = 2147483647;
			files = (
			);
			runOnlyForDeploymentPostprocessing = 0;
		};
/* End PBXSourcesBuildPhase section */

/* Begin PBXTargetDependency section */
		691879AE27D212ED001136B0 /* PBXTargetDependency */ = {
			isa = PBXTargetDependency;
			target = 6918799527D212EB001136B0 /* Diagnal */;
			targetProxy = 691879AD27D212ED001136B0 /* PBXContainerItemProxy */;
		};
		691879B827D212ED001136B0 /* PBXTargetDependency */ = {
			isa = PBXTargetDependency;
			target = 6918799527D212EB001136B0 /* Diagnal */;
			targetProxy = 691879B727D212ED001136B0 /* PBXContainerItemProxy */;
		};
/* End PBXTargetDependency section */

/* Begin PBXVariantGroup section */
		691879A427D212ED001136B0 /* LaunchScreen.storyboard */ = {
			isa = PBXVariantGroup;
			children = (
				691879A527D212ED001136B0 /* Base */,
			);
			name = LaunchScreen.storyboard;
			sourceTree = "<group>";
		};
/* End PBXVariantGroup section */

/* Begin XCBuildConfiguration section */
		691879BE27D212ED001136B0 /* Debug */ = {
			isa = XCBuildConfiguration;
			buildSettings = {
				ALWAYS_SEARCH_USER_PATHS = NO;
				CLANG_ANALYZER_NONNULL = YES;
				CLANG_ANALYZER_NUMBER_OBJECT_CONVERSION = YES_AGGRESSIVE;
				CLANG_CXX_LANGUAGE_STANDARD = "gnu++17";
				CLANG_CXX_LIBRARY = "libc++";
				CLANG_ENABLE_MODULES = YES;
				CLANG_ENABLE_OBJC_ARC = YES;
				CLANG_ENABLE_OBJC_WEAK = YES;
				CLANG_WARN_BLOCK_CAPTURE_AUTORELEASING = YES;
				CLANG_WARN_BOOL_CONVERSION = YES;
				CLANG_WARN_COMMA = YES;
				CLANG_WARN_CONSTANT_CONVERSION = YES;
				CLANG_WARN_DEPRECATED_OBJC_IMPLEMENTATIONS = YES;
				CLANG_WARN_DIRECT_OBJC_ISA_USAGE = YES_ERROR;
				CLANG_WARN_DOCUMENTATION_COMMENTS = YES;
				CLANG_WARN_EMPTY_BODY = YES;
				CLANG_WARN_ENUM_CONVERSION = YES;
				CLANG_WARN_INFINITE_RECURSION = YES;
				CLANG_WARN_INT_CONVERSION = YES;
				CLANG_WARN_NON_LITERAL_NULL_CONVERSION = YES;
				CLANG_WARN_OBJC_IMPLICIT_RETAIN_SELF = YES;
				CLANG_WARN_OBJC_LITERAL_CONVERSION = YES;
				CLANG_WARN_OBJC_ROOT_CLASS = YES_ERROR;
				CLANG_WARN_QUOTED_INCLUDE_IN_FRAMEWORK_HEADER = YES;
				CLANG_WARN_RANGE_LOOP_ANALYSIS = YES;
				CLANG_WARN_STRICT_PROTOTYPES = YES;
				CLANG_WARN_SUSPICIOUS_MOVE = YES;
				CLANG_WARN_UNGUARDED_AVAILABILITY = YES_AGGRESSIVE;
				CLANG_WARN_UNREACHABLE_CODE = YES;
				CLANG_WARN__DUPLICATE_METHOD_MATCH = YES;
				COPY_PHASE_STRIP = NO;
				DEBUG_INFORMATION_FORMAT = dwarf;
				ENABLE_STRICT_OBJC_MSGSEND = YES;
				ENABLE_TESTABILITY = YES;
				GCC_C_LANGUAGE_STANDARD = gnu11;
				GCC_DYNAMIC_NO_PIC = NO;
				GCC_NO_COMMON_BLOCKS = YES;
				GCC_OPTIMIZATION_LEVEL = 0;
				GCC_PREPROCESSOR_DEFINITIONS = (
					"DEBUG=1",
					"$(inherited)",
				);
				GCC_WARN_64_TO_32_BIT_CONVERSION = YES;
				GCC_WARN_ABOUT_RETURN_TYPE = YES_ERROR;
				GCC_WARN_UNDECLARED_SELECTOR = YES;
				GCC_WARN_UNINITIALIZED_AUTOS = YES_AGGRESSIVE;
				GCC_WARN_UNUSED_FUNCTION = YES;
				GCC_WARN_UNUSED_VARIABLE = YES;
				IPHONEOS_DEPLOYMENT_TARGET = 15.0;
				MTL_ENABLE_DEBUG_INFO = INCLUDE_SOURCE;
				MTL_FAST_MATH = YES;
				ONLY_ACTIVE_ARCH = YES;
				SDKROOT = iphoneos;
				SWIFT_ACTIVE_COMPILATION_CONDITIONS = DEBUG;
				SWIFT_OPTIMIZATION_LEVEL = "-Onone";
			};
			name = Debug;
		};
		691879BF27D212ED001136B0 /* Release */ = {
			isa = XCBuildConfiguration;
			buildSettings = {
				ALWAYS_SEARCH_USER_PATHS = NO;
				CLANG_ANALYZER_NONNULL = YES;
				CLANG_ANALYZER_NUMBER_OBJECT_CONVERSION = YES_AGGRESSIVE;
				CLANG_CXX_LANGUAGE_STANDARD = "gnu++17";
				CLANG_CXX_LIBRARY = "libc++";
				CLANG_ENABLE_MODULES = YES;
				CLANG_ENABLE_OBJC_ARC = YES;
				CLANG_ENABLE_OBJC_WEAK = YES;
				CLANG_WARN_BLOCK_CAPTURE_AUTORELEASING = YES;
				CLANG_WARN_BOOL_CONVERSION = YES;
				CLANG_WARN_COMMA = YES;
				CLANG_WARN_CONSTANT_CONVERSION = YES;
				CLANG_WARN_DEPRECATED_OBJC_IMPLEMENTATIONS = YES;
				CLANG_WARN_DIRECT_OBJC_ISA_USAGE = YES_ERROR;
				CLANG_WARN_DOCUMENTATION_COMMENTS = YES;
				CLANG_WARN_EMPTY_BODY = YES;
				CLANG_WARN_ENUM_CONVERSION = YES;
				CLANG_WARN_INFINITE_RECURSION = YES;
				CLANG_WARN_INT_CONVERSION = YES;
				CLANG_WARN_NON_LITERAL_NULL_CONVERSION = YES;
				CLANG_WARN_OBJC_IMPLICIT_RETAIN_SELF = YES;
				CLANG_WARN_OBJC_LITERAL_CONVERSION = YES;
				CLANG_WARN_OBJC_ROOT_CLASS = YES_ERROR;
				CLANG_WARN_QUOTED_INCLUDE_IN_FRAMEWORK_HEADER = YES;
				CLANG_WARN_RANGE_LOOP_ANALYSIS = YES;
				CLANG_WARN_STRICT_PROTOTYPES = YES;
				CLANG_WARN_SUSPICIOUS_MOVE = YES;
				CLANG_WARN_UNGUARDED_AVAILABILITY = YES_AGGRESSIVE;
				CLANG_WARN_UNREACHABLE_CODE = YES;
				CLANG_WARN__DUPLICATE_METHOD_MATCH = YES;
				COPY_PHASE_STRIP = NO;
				DEBUG_INFORMATION_FORMAT = "dwarf-with-dsym";
				ENABLE_NS_ASSERTIONS = NO;
				ENABLE_STRICT_OBJC_MSGSEND = YES;
				GCC_C_LANGUAGE_STANDARD = gnu11;
				GCC_NO_COMMON_BLOCKS = YES;
				GCC_WARN_64_TO_32_BIT_CONVERSION = YES;
				GCC_WARN_ABOUT_RETURN_TYPE = YES_ERROR;
				GCC_WARN_UNDECLARED_SELECTOR = YES;
				GCC_WARN_UNINITIALIZED_AUTOS = YES_AGGRESSIVE;
				GCC_WARN_UNUSED_FUNCTION = YES;
				GCC_WARN_UNUSED_VARIABLE = YES;
				IPHONEOS_DEPLOYMENT_TARGET = 15.0;
				MTL_ENABLE_DEBUG_INFO = NO;
				MTL_FAST_MATH = YES;
				SDKROOT = iphoneos;
				SWIFT_COMPILATION_MODE = wholemodule;
				SWIFT_OPTIMIZATION_LEVEL = "-O";
				VALIDATE_PRODUCT = YES;
			};
			name = Release;
		};
		691879C127D212ED001136B0 /* Debug */ = {
			isa = XCBuildConfiguration;
			buildSettings = {
				ASSETCATALOG_COMPILER_APPICON_NAME = AppIcon;
				ASSETCATALOG_COMPILER_GLOBAL_ACCENT_COLOR_NAME = AccentColor;
				CODE_SIGN_STYLE = Automatic;
				CURRENT_PROJECT_VERSION = 1;
				GENERATE_INFOPLIST_FILE = YES;
				INFOPLIST_FILE = Diagnal/Info.plist;
				INFOPLIST_KEY_UIApplicationSupportsIndirectInputEvents = YES;
				INFOPLIST_KEY_UILaunchStoryboardName = LaunchScreen;
				INFOPLIST_KEY_UIMainStoryboardFile = Main;
				INFOPLIST_KEY_UISupportedInterfaceOrientations_iPad = "UIInterfaceOrientationPortrait UIInterfaceOrientationPortraitUpsideDown UIInterfaceOrientationLandscapeLeft UIInterfaceOrientationLandscapeRight";
				INFOPLIST_KEY_UISupportedInterfaceOrientations_iPhone = "UIInterfaceOrientationPortrait UIInterfaceOrientationLandscapeLeft UIInterfaceOrientationLandscapeRight";
				LD_RUNPATH_SEARCH_PATHS = (
					"$(inherited)",
					"@executable_path/Frameworks",
				);
				MARKETING_VERSION = 1.0;
				PRODUCT_BUNDLE_IDENTIFIER = com.hithakshi.Diagnal;
				PRODUCT_NAME = "$(TARGET_NAME)";
				SWIFT_EMIT_LOC_STRINGS = YES;
				SWIFT_VERSION = 5.0;
				TARGETED_DEVICE_FAMILY = "1,2";
			};
			name = Debug;
		};
		691879C227D212ED001136B0 /* Release */ = {
			isa = XCBuildConfiguration;
			buildSettings = {
				ASSETCATALOG_COMPILER_APPICON_NAME = AppIcon;
				ASSETCATALOG_COMPILER_GLOBAL_ACCENT_COLOR_NAME = AccentColor;
				CODE_SIGN_STYLE = Automatic;
				CURRENT_PROJECT_VERSION = 1;
				GENERATE_INFOPLIST_FILE = YES;
				INFOPLIST_FILE = Diagnal/Info.plist;
				INFOPLIST_KEY_UIApplicationSupportsIndirectInputEvents = YES;
				INFOPLIST_KEY_UILaunchStoryboardName = LaunchScreen;
				INFOPLIST_KEY_UIMainStoryboardFile = Main;
				INFOPLIST_KEY_UISupportedInterfaceOrientations_iPad = "UIInterfaceOrientationPortrait UIInterfaceOrientationPortraitUpsideDown UIInterfaceOrientationLandscapeLeft UIInterfaceOrientationLandscapeRight";
				INFOPLIST_KEY_UISupportedInterfaceOrientations_iPhone = "UIInterfaceOrientationPortrait UIInterfaceOrientationLandscapeLeft UIInterfaceOrientationLandscapeRight";
				LD_RUNPATH_SEARCH_PATHS = (
					"$(inherited)",
					"@executable_path/Frameworks",
				);
				MARKETING_VERSION = 1.0;
				PRODUCT_BUNDLE_IDENTIFIER = com.hithakshi.Diagnal;
				PRODUCT_NAME = "$(TARGET_NAME)";
				SWIFT_EMIT_LOC_STRINGS = YES;
				SWIFT_VERSION = 5.0;
				TARGETED_DEVICE_FAMILY = "1,2";
			};
			name = Release;
		};
		691879C427D212ED001136B0 /* Debug */ = {
			isa = XCBuildConfiguration;
			buildSettings = {
				ALWAYS_EMBED_SWIFT_STANDARD_LIBRARIES = YES;
				BUNDLE_LOADER = "$(TEST_HOST)";
				CODE_SIGN_STYLE = Automatic;
				CURRENT_PROJECT_VERSION = 1;
				GENERATE_INFOPLIST_FILE = YES;
				IPHONEOS_DEPLOYMENT_TARGET = 15.0;
				LD_RUNPATH_SEARCH_PATHS = (
					"$(inherited)",
					"@executable_path/Frameworks",
					"@loader_path/Frameworks",
				);
				MARKETING_VERSION = 1.0;
				PRODUCT_BUNDLE_IDENTIFIER = com.hithakshi.DiagnalTests;
				PRODUCT_NAME = "$(TARGET_NAME)";
				SWIFT_EMIT_LOC_STRINGS = NO;
				SWIFT_VERSION = 5.0;
				TARGETED_DEVICE_FAMILY = "1,2";
				TEST_HOST = "$(BUILT_PRODUCTS_DIR)/Diagnal.app/Diagnal";
			};
			name = Debug;
		};
		691879C527D212ED001136B0 /* Release */ = {
			isa = XCBuildConfiguration;
			buildSettings = {
				ALWAYS_EMBED_SWIFT_STANDARD_LIBRARIES = YES;
				BUNDLE_LOADER = "$(TEST_HOST)";
				CODE_SIGN_STYLE = Automatic;
				CURRENT_PROJECT_VERSION = 1;
				GENERATE_INFOPLIST_FILE = YES;
				IPHONEOS_DEPLOYMENT_TARGET = 15.0;
				LD_RUNPATH_SEARCH_PATHS = (
					"$(inherited)",
					"@executable_path/Frameworks",
					"@loader_path/Frameworks",
				);
				MARKETING_VERSION = 1.0;
				PRODUCT_BUNDLE_IDENTIFIER = com.hithakshi.DiagnalTests;
				PRODUCT_NAME = "$(TARGET_NAME)";
				SWIFT_EMIT_LOC_STRINGS = NO;
				SWIFT_VERSION = 5.0;
				TARGETED_DEVICE_FAMILY = "1,2";
				TEST_HOST = "$(BUILT_PRODUCTS_DIR)/Diagnal.app/Diagnal";
			};
			name = Release;
		};
		691879C727D212ED001136B0 /* Debug */ = {
			isa = XCBuildConfiguration;
			buildSettings = {
				ALWAYS_EMBED_SWIFT_STANDARD_LIBRARIES = YES;
				CODE_SIGN_STYLE = Automatic;
				CURRENT_PROJECT_VERSION = 1;
				GENERATE_INFOPLIST_FILE = YES;
				LD_RUNPATH_SEARCH_PATHS = (
					"$(inherited)",
					"@executable_path/Frameworks",
					"@loader_path/Frameworks",
				);
				MARKETING_VERSION = 1.0;
				PRODUCT_BUNDLE_IDENTIFIER = com.hithakshi.DiagnalUITests;
				PRODUCT_NAME = "$(TARGET_NAME)";
				SWIFT_EMIT_LOC_STRINGS = NO;
				SWIFT_VERSION = 5.0;
				TARGETED_DEVICE_FAMILY = "1,2";
				TEST_TARGET_NAME = Diagnal;
			};
			name = Debug;
		};
		691879C827D212ED001136B0 /* Release */ = {
			isa = XCBuildConfiguration;
			buildSettings = {
				ALWAYS_EMBED_SWIFT_STANDARD_LIBRARIES = YES;
				CODE_SIGN_STYLE = Automatic;
				CURRENT_PROJECT_VERSION = 1;
				GENERATE_INFOPLIST_FILE = YES;
				LD_RUNPATH_SEARCH_PATHS = (
					"$(inherited)",
					"@executable_path/Frameworks",
					"@loader_path/Frameworks",
				);
				MARKETING_VERSION = 1.0;
				PRODUCT_BUNDLE_IDENTIFIER = com.hithakshi.DiagnalUITests;
				PRODUCT_NAME = "$(TARGET_NAME)";
				SWIFT_EMIT_LOC_STRINGS = NO;
				SWIFT_VERSION = 5.0;
				TARGETED_DEVICE_FAMILY = "1,2";
				TEST_TARGET_NAME = Diagnal;
			};
			name = Release;
		};
/* End XCBuildConfiguration section */

/* Begin XCConfigurationList section */
		6918799127D212EB001136B0 /* Build configuration list for PBXProject "Diagnal" */ = {
			isa = XCConfigurationList;
			buildConfigurations = (
				691879BE27D212ED001136B0 /* Debug */,
				691879BF27D212ED001136B0 /* Release */,
			);
			defaultConfigurationIsVisible = 0;
			defaultConfigurationName = Release;
		};
		691879C027D212ED001136B0 /* Build configuration list for PBXNativeTarget "Diagnal" */ = {
			isa = XCConfigurationList;
			buildConfigurations = (
				691879C127D212ED001136B0 /* Debug */,
				691879C227D212ED001136B0 /* Release */,
			);
			defaultConfigurationIsVisible = 0;
			defaultConfigurationName = Release;
		};
		691879C327D212ED001136B0 /* Build configuration list for PBXNativeTarget "DiagnalTests" */ = {
			isa = XCConfigurationList;
			buildConfigurations = (
				691879C427D212ED001136B0 /* Debug */,
				691879C527D212ED001136B0 /* Release */,
			);
			defaultConfigurationIsVisible = 0;
			defaultConfigurationName = Release;
		};
		691879C627D212ED001136B0 /* Build configuration list for PBXNativeTarget "DiagnalUITests" */ = {
			isa = XCConfigurationList;
			buildConfigurations = (
				691879C727D212ED001136B0 /* Debug */,
				691879C827D212ED001136B0 /* Release */,
			);
			defaultConfigurationIsVisible = 0;
			defaultConfigurationName = Release;
		};
/* End XCConfigurationList section */
	};
	rootObject = 6918798E27D212EB001136B0 /* Project object */;
}
